hash: 63dcedc35b4238026ff0f4c31534e75c43ab5ce59813a3aa477a9bd6a7ed4a5d
updated: 2017-10-21T01:42:56.166921839+02:00
imports:
- name: github.com/Azure/go-ansiterm
  version: d6e3b3328b783f23731bc4d058875b0371ff8109
  subpackages:
  - winterm
- name: github.com/bmizerany/pat
  version: 6226ea591a40176dd3ff9cd8eff81ed6ca721a00
- name: github.com/docker/docker
  version: 77c9728847358a3ed3581d828fb0753017e1afd3
  subpackages:
  - api/types
  - api/types/blkiodev
  - api/types/container
  - api/types/filters
  - api/types/mount
  - api/types/network
  - api/types/registry
  - api/types/strslice
  - api/types/swarm
  - api/types/versions
  - client
  - opts
  - pkg/archive
  - pkg/fileutils
  - pkg/homedir
  - pkg/idtools
  - pkg/ioutils
  - pkg/jsonlog
  - pkg/jsonmessage
  - pkg/longpath
  - pkg/mount
  - pkg/pools
  - pkg/promise
  - pkg/stdcopy
  - pkg/system
  - pkg/term
  - pkg/term/windows
- name: github.com/docker/go-connections
  version: 3ede32e2033de7505e6500d6c868c2b9ed9f169d
  subpackages:
  - nat
- name: github.com/docker/go-units
  version: 0dadbb0345b35ec7ef35e228dabb8de89a65bf52
- name: github.com/fsouza/go-dockerclient
  version: 5c271fbf9db00b7011f28131e150e29725b8a1a6
- name: github.com/go-ole/go-ole
  version: 2ecd927eaf828c4fc088fae349b28eed1480ff56
  subpackages:
  - oleutil
- name: github.com/gorilla/websocket
  version: 71fa72d4842364bc5f74185f4161e0099ea3624a
- name: github.com/inconshreveable/mousetrap
  version: 76626ae9c91c4f2a10f34cad8ce83ea42c93bb75
- name: github.com/Microsoft/go-winio
  version: 78439966b38d69bf38227fbf57ac8a6fee70f69a
- name: github.com/Nvveen/Gotty
  version: cd527374f1e5bff4938207604a14f2e38a9cf512
- name: github.com/opencontainers/go-digest
  version: 279bed98673dd5bef374d3b6e4b09e2af76183bf
- name: github.com/opencontainers/image-spec
  version: 7c889fafd04a893f5c5f50b7ab9963d5d64e5242
  subpackages:
  - specs-go
  - specs-go/v1
- name: github.com/opencontainers/runc
  version: 74a17296470088de3805e138d3d87c62e613dfc4
  subpackages:
  - libcontainer/system
  - libcontainer/user
- name: github.com/pkg/errors
  version: f15c970de5b76fac0b59abb32d62c17cc7bed265
- name: github.com/satori/go.uuid
  version: 0aa62d5ddceb50dbcb909d790b5345affd3669b6
- name: github.com/shirou/gopsutil
  version: 48fc5612898a1213aa5d6a0fb2d4f7b968e898fb
  subpackages:
  - cpu
  - internal/common
  - mem
- name: github.com/Sirupsen/logrus
  version: 0208149b40d863d2c1a2f8fe5753096a9cf2cc8b
- name: github.com/spf13/cobra
  version: 7b2c5ac9fc04fc5efafb60700713d4fa609b777b
- name: github.com/spf13/pflag
  version: 97afa5e7ca8a08a383cb259e06636b5e2cc7897f
- name: github.com/StackExchange/wmi
  version: ea383cf3ba6ec950874b8486cd72356d007c768f
- name: github.com/tdewolff/buffer
  version: 3fd6d6981daf9f995504e6ae31c005780dca2179
- name: github.com/tdewolff/minify
  version: ffadf028a71d1a9b50f3169a1ab6a194fdd4a2dd
  subpackages:
  - css
  - html
  - js
  - json
  - svg
  - xml
- name: github.com/tdewolff/parse
  version: e4ac711ab0bf625c08270ba17557c30b2c1c5c2d
  subpackages:
  - css
  - html
  - js
  - json
  - svg
  - xml
- name: github.com/tdewolff/strconv
  version: 3e8091f4417ebaaa3910da63a45ea394ebbfb0e3
- name: github.com/ulule/deepcopier
  version: 0b647652460fbe4c522253a7d0781fdda962b370
- name: golang.org/x/net
  version: f315505cf3349909cdf013ea56690da34e96a451
  subpackages:
  - context
  - context/ctxhttp
- name: golang.org/x/sys
  version: a646d33e2ee3172a661fc09bca23bb4889a41bc8
  subpackages:
  - unix
  - windows
testImports: []
